
Microsoft Visual Studio Solution File, Format Version 12.00
# Visual Studio Version 16
VisualStudioVersion = 16.0.30114.105
MinimumVisualStudioVersion = 10.0.40219.1
Project("{FAE04EC0-301F-11D3-BF4B-00C04F79EFBC}") = "SmartReport.FrontEnd", "SmartReport.FrontEnd\SmartReport.FrontEnd.csproj", "{582C2A9D-81EC-4F82-9EC5-5A7F445CCFED}"
EndProject
Global
	GlobalSection(SolutionConfigurationPlatforms) = preSolution
		Debug|Any CPU = Debug|Any CPU
		Release|Any CPU = Release|Any CPU
	EndGlobalSection
	GlobalSection(ProjectConfigurationPlatforms) = postSolution
		{582C2A9D-81EC-4F82-9EC5-5A7F445CCFED}.Debug|Any CPU.ActiveCfg = Debug|Any CPU
		{582C2A9D-81EC-4F82-9EC5-5A7F445CCFED}.Debug|Any CPU.Build.0 = Debug|Any CPU
		{582C2A9D-81EC-4F82-9EC5-5A7F445CCFED}.Release|Any CPU.ActiveCfg = Release|Any CPU
		{582C2A9D-81EC-4F82-9EC5-5A7F445CCFED}.Release|Any CPU.Build.0 = Release|Any CPU
	EndGlobalSection
	GlobalSection(SolutionProperties) = preSolution
		HideSolutionNode = FALSE
	EndGlobalSection
	GlobalSection(ExtensibilityGlobals) = postSolution
		SolutionGuid = {F980FF41-DE72-4AE9-9614-B2F1C07D4840}
	EndGlobalSection
EndGlobal
