
Microsoft Visual Studio Solution File, Format Version 12.00
# Visual Studio Version 16
VisualStudioVersion = 16.0.30204.135
MinimumVisualStudioVersion = 10.0.40219.1
Project("{FAE04EC0-301F-11D3-BF4B-00C04F79EFBC}") = "SmartReport.Mobile.Android", "SmartReport.Mobile\SmartReport.Mobile.Android\SmartReport.Mobile.Android.csproj", "{B810D54B-597D-4540-9AFB-6933EB89BF4F}"
EndProject
Project("{FAE04EC0-301F-11D3-BF4B-00C04F79EFBC}") = "SmartReport.Mobile.iOS", "SmartReport.Mobile\SmartReport.Mobile.iOS\SmartReport.Mobile.iOS.csproj", "{1E21F233-43C2-4BBB-BA67-540A1E6132CB}"
EndProject
Project("{FAE04EC0-301F-11D3-BF4B-00C04F79EFBC}") = "SmartReport.Mobile", "SmartReport.Mobile\SmartReport.Mobile\SmartReport.Mobile.csproj", "{D78B5592-A982-49EF-9773-6D8CA8CAAFEA}"
EndProject
Global
	GlobalSection(SolutionConfigurationPlatforms) = preSolution
		Debug|Any CPU = Debug|Any CPU
		Debug|iPhone = Debug|iPhone
		Debug|iPhoneSimulator = Debug|iPhoneSimulator
		Release|Any CPU = Release|Any CPU
		Release|iPhone = Release|iPhone
		Release|iPhoneSimulator = Release|iPhoneSimulator
	EndGlobalSection
	GlobalSection(ProjectConfigurationPlatforms) = postSolution
		{B810D54B-597D-4540-9AFB-6933EB89BF4F}.Debug|Any CPU.ActiveCfg = Debug|Any CPU
		{B810D54B-597D-4540-9AFB-6933EB89BF4F}.Debug|Any CPU.Build.0 = Debug|Any CPU
		{B810D54B-597D-4540-9AFB-6933EB89BF4F}.Debug|Any CPU.Deploy.0 = Debug|Any CPU
		{B810D54B-597D-4540-9AFB-6933EB89BF4F}.Debug|iPhone.ActiveCfg = Debug|Any CPU
		{B810D54B-597D-4540-9AFB-6933EB89BF4F}.Debug|iPhone.Build.0 = Debug|Any CPU
		{B810D54B-597D-4540-9AFB-6933EB89BF4F}.Debug|iPhone.Deploy.0 = Debug|Any CPU
		{B810D54B-597D-4540-9AFB-6933EB89BF4F}.Debug|iPhoneSimulator.ActiveCfg = Debug|Any CPU
		{B810D54B-597D-4540-9AFB-6933EB89BF4F}.Debug|iPhoneSimulator.Build.0 = Debug|Any CPU
		{B810D54B-597D-4540-9AFB-6933EB89BF4F}.Debug|iPhoneSimulator.Deploy.0 = Debug|Any CPU
		{B810D54B-597D-4540-9AFB-6933EB89BF4F}.Release|Any CPU.ActiveCfg = Release|Any CPU
		{B810D54B-597D-4540-9AFB-6933EB89BF4F}.Release|Any CPU.Build.0 = Release|Any CPU
		{B810D54B-597D-4540-9AFB-6933EB89BF4F}.Release|Any CPU.Deploy.0 = Release|Any CPU
		{B810D54B-597D-4540-9AFB-6933EB89BF4F}.Release|iPhone.ActiveCfg = Release|Any CPU
		{B810D54B-597D-4540-9AFB-6933EB89BF4F}.Release|iPhone.Build.0 = Release|Any CPU
		{B810D54B-597D-4540-9AFB-6933EB89BF4F}.Release|iPhone.Deploy.0 = Release|Any CPU
		{B810D54B-597D-4540-9AFB-6933EB89BF4F}.Release|iPhoneSimulator.ActiveCfg = Release|Any CPU
		{B810D54B-597D-4540-9AFB-6933EB89BF4F}.Release|iPhoneSimulator.Build.0 = Release|Any CPU
		{B810D54B-597D-4540-9AFB-6933EB89BF4F}.Release|iPhoneSimulator.Deploy.0 = Release|Any CPU
		{1E21F233-43C2-4BBB-BA67-540A1E6132CB}.Debug|Any CPU.ActiveCfg = Debug|iPhone
		{1E21F233-43C2-4BBB-BA67-540A1E6132CB}.Debug|Any CPU.Build.0 = Debug|iPhone
		{1E21F233-43C2-4BBB-BA67-540A1E6132CB}.Debug|Any CPU.Deploy.0 = Debug|iPhone
		{1E21F233-43C2-4BBB-BA67-540A1E6132CB}.Debug|iPhone.ActiveCfg = Debug|iPhone
		{1E21F233-43C2-4BBB-BA67-540A1E6132CB}.Debug|iPhone.Build.0 = Debug|iPhone
		{1E21F233-43C2-4BBB-BA67-540A1E6132CB}.Debug|iPhone.Deploy.0 = Debug|iPhone
		{1E21F233-43C2-4BBB-BA67-540A1E6132CB}.Debug|iPhoneSimulator.ActiveCfg = Debug|iPhoneSimulator
		{1E21F233-43C2-4BBB-BA67-540A1E6132CB}.Debug|iPhoneSimulator.Build.0 = Debug|iPhoneSimulator
		{1E21F233-43C2-4BBB-BA67-540A1E6132CB}.Debug|iPhoneSimulator.Deploy.0 = Debug|iPhoneSimulator
		{1E21F233-43C2-4BBB-BA67-540A1E6132CB}.Release|Any CPU.ActiveCfg = Release|iPhone
		{1E21F233-43C2-4BBB-BA67-540A1E6132CB}.Release|Any CPU.Build.0 = Release|iPhone
		{1E21F233-43C2-4BBB-BA67-540A1E6132CB}.Release|Any CPU.Deploy.0 = Release|iPhone
		{1E21F233-43C2-4BBB-BA67-540A1E6132CB}.Release|iPhone.ActiveCfg = Release|iPhone
		{1E21F233-43C2-4BBB-BA67-540A1E6132CB}.Release|iPhone.Build.0 = Release|iPhone
		{1E21F233-43C2-4BBB-BA67-540A1E6132CB}.Release|iPhone.Deploy.0 = Release|iPhone
		{1E21F233-43C2-4BBB-BA67-540A1E6132CB}.Release|iPhoneSimulator.ActiveCfg = Release|iPhoneSimulator
		{1E21F233-43C2-4BBB-BA67-540A1E6132CB}.Release|iPhoneSimulator.Build.0 = Release|iPhoneSimulator
		{1E21F233-43C2-4BBB-BA67-540A1E6132CB}.Release|iPhoneSimulator.Deploy.0 = Release|iPhoneSimulator
		{D78B5592-A982-49EF-9773-6D8CA8CAAFEA}.Debug|Any CPU.ActiveCfg = Debug|Any CPU
		{D78B5592-A982-49EF-9773-6D8CA8CAAFEA}.Debug|Any CPU.Build.0 = Debug|Any CPU
		{D78B5592-A982-49EF-9773-6D8CA8CAAFEA}.Debug|Any CPU.Deploy.0 = Debug|Any CPU
		{D78B5592-A982-49EF-9773-6D8CA8CAAFEA}.Debug|iPhone.ActiveCfg = Debug|Any CPU
		{D78B5592-A982-49EF-9773-6D8CA8CAAFEA}.Debug|iPhone.Build.0 = Debug|Any CPU
		{D78B5592-A982-49EF-9773-6D8CA8CAAFEA}.Debug|iPhone.Deploy.0 = Debug|Any CPU
		{D78B5592-A982-49EF-9773-6D8CA8CAAFEA}.Debug|iPhoneSimulator.ActiveCfg = Debug|Any CPU
		{D78B5592-A982-49EF-9773-6D8CA8CAAFEA}.Debug|iPhoneSimulator.Build.0 = Debug|Any CPU
		{D78B5592-A982-49EF-9773-6D8CA8CAAFEA}.Debug|iPhoneSimulator.Deploy.0 = Debug|Any CPU
		{D78B5592-A982-49EF-9773-6D8CA8CAAFEA}.Release|Any CPU.ActiveCfg = Release|Any CPU
		{D78B5592-A982-49EF-9773-6D8CA8CAAFEA}.Release|Any CPU.Build.0 = Release|Any CPU
		{D78B5592-A982-49EF-9773-6D8CA8CAAFEA}.Release|Any CPU.Deploy.0 = Release|Any CPU
		{D78B5592-A982-49EF-9773-6D8CA8CAAFEA}.Release|iPhone.ActiveCfg = Release|Any CPU
		{D78B5592-A982-49EF-9773-6D8CA8CAAFEA}.Release|iPhone.Build.0 = Release|Any CPU
		{D78B5592-A982-49EF-9773-6D8CA8CAAFEA}.Release|iPhone.Deploy.0 = Release|Any CPU
		{D78B5592-A982-49EF-9773-6D8CA8CAAFEA}.Release|iPhoneSimulator.ActiveCfg = Release|Any CPU
		{D78B5592-A982-49EF-9773-6D8CA8CAAFEA}.Release|iPhoneSimulator.Build.0 = Release|Any CPU
		{D78B5592-A982-49EF-9773-6D8CA8CAAFEA}.Release|iPhoneSimulator.Deploy.0 = Release|Any CPU
	EndGlobalSection
	GlobalSection(SolutionProperties) = preSolution
		HideSolutionNode = FALSE
	EndGlobalSection
	GlobalSection(ExtensibilityGlobals) = postSolution
		SolutionGuid = {77D62970-45B7-42EC-B6E8-4063BE47130D}
	EndGlobalSection
EndGlobal
